// !$*UTF8*$!
{
	archiveVersion = 1;
	classes = {
	};
	objectVersion = 50;
	objects = {

/* Begin PBXBuildFile section */
		6CA8877022393642005E9D36 /* AppDelegate.swift in Sources */ = {isa = PBXBuildFile; fileRef = 6CA8876F22393642005E9D36 /* AppDelegate.swift */; };
		6CA8877222393642005E9D36 /* Books-ViewController.swift in Sources */ = {isa = PBXBuildFile; fileRef = 6CA8877122393642005E9D36 /* Books-ViewController.swift */; };
		6CA8877522393643005E9D36 /* Main.storyboard in Resources */ = {isa = PBXBuildFile; fileRef = 6CA8877322393643005E9D36 /* Main.storyboard */; };
		6CA8877822393643005E9D36 /* IZA_2019_cvika_2.xcdatamodeld in Sources */ = {isa = PBXBuildFile; fileRef = 6CA8877622393643005E9D36 /* IZA_2019_cvika_2.xcdatamodeld */; };
		6CA8877A22393645005E9D36 /* Assets.xcassets in Resources */ = {isa = PBXBuildFile; fileRef = 6CA8877922393645005E9D36 /* Assets.xcassets */; };
		6CA8877D22393645005E9D36 /* LaunchScreen.storyboard in Resources */ = {isa = PBXBuildFile; fileRef = 6CA8877B22393645005E9D36 /* LaunchScreen.storyboard */; };
		6CA8878622393C5B005E9D36 /* Book.swift in Sources */ = {isa = PBXBuildFile; fileRef = 6CA8878522393C5B005E9D36 /* Book.swift */; };
		6CA8878A22393F01005E9D36 /* BookTableViewCell.swift in Sources */ = {isa = PBXBuildFile; fileRef = 6CA8878922393F01005E9D36 /* BookTableViewCell.swift */; };
		6CA8878C223942AE005E9D36 /* BooksDB.swift in Sources */ = {isa = PBXBuildFile; fileRef = 6CA8878B223942AE005E9D36 /* BooksDB.swift */; };
		6CA8878E22394A7F005E9D36 /* BooksDataSource.swift in Sources */ = {isa = PBXBuildFile; fileRef = 6CA8878D22394A7F005E9D36 /* BooksDataSource.swift */; };
		6CA88791223952A7005E9D36 /* honzikova-cesta.jpg in Resources */ = {isa = PBXBuildFile; fileRef = 6CA88790223952A7005E9D36 /* honzikova-cesta.jpg */; };
		6CA8879422395367005E9D36 /* Book-DetailViewController.swift in Sources */ = {isa = PBXBuildFile; fileRef = 6CA8879322395367005E9D36 /* Book-DetailViewController.swift */; };
		6CA8879C2239715C005E9D36 /* AppDelegate.swift in Sources */ = {isa = PBXBuildFile; fileRef = 6CA8879B2239715C005E9D36 /* AppDelegate.swift */; };
		6CA8879E2239715C005E9D36 /* ViewController.swift in Sources */ = {isa = PBXBuildFile; fileRef = 6CA8879D2239715C005E9D36 /* ViewController.swift */; };
		6CA887A12239715C005E9D36 /* Main.storyboard in Resources */ = {isa = PBXBuildFile; fileRef = 6CA8879F2239715C005E9D36 /* Main.storyboard */; };
		6CA887A32239715D005E9D36 /* Assets.xcassets in Resources */ = {isa = PBXBuildFile; fileRef = 6CA887A22239715D005E9D36 /* Assets.xcassets */; };
		6CA887A62239715D005E9D36 /* LaunchScreen.storyboard in Resources */ = {isa = PBXBuildFile; fileRef = 6CA887A42239715D005E9D36 /* LaunchScreen.storyboard */; };
/* End PBXBuildFile section */

/* Begin PBXFileReference section */
		6CA8876C22393642005E9D36 /* IZA-2019-cvika-2.app */ = {isa = PBXFileReference; explicitFileType = wrapper.application; includeInIndex = 0; path = "IZA-2019-cvika-2.app"; sourceTree = BUILT_PRODUCTS_DIR; };
		6CA8876F22393642005E9D36 /* AppDelegate.swift */ = {isa = PBXFileReference; lastKnownFileType = sourcecode.swift; path = AppDelegate.swift; sourceTree = "<group>"; };
		6CA8877122393642005E9D36 /* Books-ViewController.swift */ = {isa = PBXFileReference; lastKnownFileType = sourcecode.swift; path = "Books-ViewController.swift"; sourceTree = "<group>"; };
		6CA8877422393643005E9D36 /* Base */ = {isa = PBXFileReference; lastKnownFileType = file.storyboard; name = Base; path = Base.lproj/Main.storyboard; sourceTree = "<group>"; };
		6CA8877722393643005E9D36 /* IZA_2019_cvika_2.xcdatamodel */ = {isa = PBXFileReference; lastKnownFileType = wrapper.xcdatamodel; path = IZA_2019_cvika_2.xcdatamodel; sourceTree = "<group>"; };
		6CA8877922393645005E9D36 /* Assets.xcassets */ = {isa = PBXFileReference; lastKnownFileType = folder.assetcatalog; path = Assets.xcassets; sourceTree = "<group>"; };
		6CA8877C22393645005E9D36 /* Base */ = {isa = PBXFileReference; lastKnownFileType = file.storyboard; name = Base; path = Base.lproj/LaunchScreen.storyboard; sourceTree = "<group>"; };
		6CA8877E22393645005E9D36 /* Info.plist */ = {isa = PBXFileReference; lastKnownFileType = text.plist.xml; path = Info.plist; sourceTree = "<group>"; };
		6CA8878522393C5B005E9D36 /* Book.swift */ = {isa = PBXFileReference; lastKnownFileType = sourcecode.swift; path = Book.swift; sourceTree = "<group>"; };
		6CA8878922393F01005E9D36 /* BookTableViewCell.swift */ = {isa = PBXFileReference; lastKnownFileType = sourcecode.swift; path = BookTableViewCell.swift; sourceTree = "<group>"; };
		6CA8878B223942AE005E9D36 /* BooksDB.swift */ = {isa = PBXFileReference; lastKnownFileType = sourcecode.swift; path = BooksDB.swift; sourceTree = "<group>"; };
		6CA8878D22394A7F005E9D36 /* BooksDataSource.swift */ = {isa = PBXFileReference; lastKnownFileType = sourcecode.swift; path = BooksDataSource.swift; sourceTree = "<group>"; };
		6CA88790223952A7005E9D36 /* honzikova-cesta.jpg */ = {isa = PBXFileReference; lastKnownFileType = image.jpeg; name = "honzikova-cesta.jpg"; path = "../../../Downloads/honzikova-cesta.jpg"; sourceTree = "<group>"; };
		6CA8879322395367005E9D36 /* Book-DetailViewController.swift */ = {isa = PBXFileReference; lastKnownFileType = sourcecode.swift; path = "Book-DetailViewController.swift"; sourceTree = "<group>"; };
		6CA887992239715C005E9D36 /* TabDemo.app */ = {isa = PBXFileReference; explicitFileType = wrapper.application; includeInIndex = 0; path = TabDemo.app; sourceTree = BUILT_PRODUCTS_DIR; };
		6CA8879B2239715C005E9D36 /* AppDelegate.swift */ = {isa = PBXFileReference; lastKnownFileType = sourcecode.swift; path = AppDelegate.swift; sourceTree = "<group>"; };
		6CA8879D2239715C005E9D36 /* ViewController.swift */ = {isa = PBXFileReference; lastKnownFileType = sourcecode.swift; path = ViewController.swift; sourceTree = "<group>"; };
		6CA887A02239715C005E9D36 /* Base */ = {isa = PBXFileReference; lastKnownFileType = file.storyboard; name = Base; path = Base.lproj/Main.storyboard; sourceTree = "<group>"; };
		6CA887A22239715D005E9D36 /* Assets.xcassets */ = {isa = PBXFileReference; lastKnownFileType = folder.assetcatalog; path = Assets.xcassets; sourceTree = "<group>"; };
		6CA887A52239715D005E9D36 /* Base */ = {isa = PBXFileReference; lastKnownFileType = file.storyboard; name = Base; path = Base.lproj/LaunchScreen.storyboard; sourceTree = "<group>"; };
		6CA887A72239715D005E9D36 /* Info.plist */ = {isa = PBXFileReference; lastKnownFileType = text.plist.xml; path = Info.plist; sourceTree = "<group>"; };
/* End PBXFileReference section */

/* Begin PBXFrameworksBuildPhase section */
		6CA8876922393642005E9D36 /* Frameworks */ = {
			isa = PBXFrameworksBuildPhase;
			buildActionMask = 2147483647;
			files = (
			);
			runOnlyForDeploymentPostprocessing = 0;
		};
		6CA887962239715C005E9D36 /* Frameworks */ = {
			isa = PBXFrameworksBuildPhase;
			buildActionMask = 2147483647;
			files = (
			);
			runOnlyForDeploymentPostprocessing = 0;
		};
/* End PBXFrameworksBuildPhase section */

/* Begin PBXGroup section */
		6CA8876322393642005E9D36 = {
			isa = PBXGroup;
			children = (
				6CA8876E22393642005E9D36 /* IZA-2019-cvika-2 */,
				6CA8879A2239715C005E9D36 /* TabDemo */,
				6CA8876D22393642005E9D36 /* Products */,
			);
			sourceTree = "<group>";
		};
		6CA8876D22393642005E9D36 /* Products */ = {
			isa = PBXGroup;
			children = (
				6CA8876C22393642005E9D36 /* IZA-2019-cvika-2.app */,
				6CA887992239715C005E9D36 /* TabDemo.app */,
			);
			name = Products;
			sourceTree = "<group>";
		};
		6CA8876E22393642005E9D36 /* IZA-2019-cvika-2 */ = {
			isa = PBXGroup;
			children = (
				6CA887922239534E005E9D36 /* View Controllers */,
				6CA8878F22395290005E9D36 /* Pictures */,
				6CA8878822393EE7005E9D36 /* Views */,
				6CA8878422393C44005E9D36 /* Model */,
				6CA8876F22393642005E9D36 /* AppDelegate.swift */,
				6CA8877322393643005E9D36 /* Main.storyboard */,
				6CA8877922393645005E9D36 /* Assets.xcassets */,
				6CA8877B22393645005E9D36 /* LaunchScreen.storyboard */,
				6CA8877E22393645005E9D36 /* Info.plist */,
				6CA8877622393643005E9D36 /* IZA_2019_cvika_2.xcdatamodeld */,
			);
			path = "IZA-2019-cvika-2";
			sourceTree = "<group>";
		};
		6CA8878422393C44005E9D36 /* Model */ = {
			isa = PBXGroup;
			children = (
				6CA8878522393C5B005E9D36 /* Book.swift */,
				6CA8878B223942AE005E9D36 /* BooksDB.swift */,
				6CA8878D22394A7F005E9D36 /* BooksDataSource.swift */,
			);
			path = Model;
			sourceTree = "<group>";
		};
		6CA8878822393EE7005E9D36 /* Views */ = {
			isa = PBXGroup;
			children = (
				6CA8878922393F01005E9D36 /* BookTableViewCell.swift */,
			);
			path = Views;
			sourceTree = "<group>";
		};
		6CA8878F22395290005E9D36 /* Pictures */ = {
			isa = PBXGroup;
			children = (
				6CA88790223952A7005E9D36 /* honzikova-cesta.jpg */,
			);
			name = Pictures;
			sourceTree = "<group>";
		};
		6CA887922239534E005E9D36 /* View Controllers */ = {
			isa = PBXGroup;
			children = (
				6CA8877122393642005E9D36 /* Books-ViewController.swift */,
				6CA8879322395367005E9D36 /* Book-DetailViewController.swift */,
			);
			path = "View Controllers";
			sourceTree = "<group>";
		};
		6CA8879A2239715C005E9D36 /* TabDemo */ = {
			isa = PBXGroup;
			children = (
				6CA8879B2239715C005E9D36 /* AppDelegate.swift */,
				6CA8879D2239715C005E9D36 /* ViewController.swift */,
				6CA8879F2239715C005E9D36 /* Main.storyboard */,
				6CA887A22239715D005E9D36 /* Assets.xcassets */,
				6CA887A42239715D005E9D36 /* LaunchScreen.storyboard */,
				6CA887A72239715D005E9D36 /* Info.plist */,
			);
			path = TabDemo;
			sourceTree = "<group>";
		};
/* End PBXGroup section */

/* Begin PBXNativeTarget section */
		6CA8876B22393642005E9D36 /* IZA-2019-cvika-2 */ = {
			isa = PBXNativeTarget;
			buildConfigurationList = 6CA8878122393645005E9D36 /* Build configuration list for PBXNativeTarget "IZA-2019-cvika-2" */;
			buildPhases = (
				6CA8876822393642005E9D36 /* Sources */,
				6CA8876922393642005E9D36 /* Frameworks */,
				6CA8876A22393642005E9D36 /* Resources */,
			);
			buildRules = (
			);
			dependencies = (
			);
			name = "IZA-2019-cvika-2";
			productName = "IZA-2019-cvika-2";
			productReference = 6CA8876C22393642005E9D36 /* IZA-2019-cvika-2.app */;
			productType = "com.apple.product-type.application";
		};
		6CA887982239715C005E9D36 /* TabDemo */ = {
			isa = PBXNativeTarget;
			buildConfigurationList = 6CA887A82239715D005E9D36 /* Build configuration list for PBXNativeTarget "TabDemo" */;
			buildPhases = (
				6CA887952239715C005E9D36 /* Sources */,
				6CA887962239715C005E9D36 /* Frameworks */,
				6CA887972239715C005E9D36 /* Resources */,
			);
			buildRules = (
			);
			dependencies = (
			);
			name = TabDemo;
			productName = TabDemo;
			productReference = 6CA887992239715C005E9D36 /* TabDemo.app */;
			productType = "com.apple.product-type.application";
		};
/* End PBXNativeTarget section */

/* Begin PBXProject section */
		6CA8876422393642005E9D36 /* Project object */ = {
			isa = PBXProject;
			attributes = {
				LastSwiftUpdateCheck = 1010;
				LastUpgradeCheck = 1010;
				ORGANIZATIONNAME = "Martin Hruby";
				TargetAttributes = {
					6CA8876B22393642005E9D36 = {
						CreatedOnToolsVersion = 10.1;
					};
					6CA887982239715C005E9D36 = {
						CreatedOnToolsVersion = 10.1;
					};
				};
			};
			buildConfigurationList = 6CA8876722393642005E9D36 /* Build configuration list for PBXProject "IZA-2019-cvika-2" */;
			compatibilityVersion = "Xcode 9.3";
			developmentRegion = en;
			hasScannedForEncodings = 0;
			knownRegions = (
				en,
				Base,
			);
			mainGroup = 6CA8876322393642005E9D36;
			productRefGroup = 6CA8876D22393642005E9D36 /* Products */;
			projectDirPath = "";
			projectRoot = "";
			targets = (
				6CA8876B22393642005E9D36 /* IZA-2019-cvika-2 */,
				6CA887982239715C005E9D36 /* TabDemo */,
			);
		};
/* End PBXProject section */

/* Begin PBXResourcesBuildPhase section */
		6CA8876A22393642005E9D36 /* Resources */ = {
			isa = PBXResourcesBuildPhase;
			buildActionMask = 2147483647;
			files = (
				6CA88791223952A7005E9D36 /* honzikova-cesta.jpg in Resources */,
				6CA8877D22393645005E9D36 /* LaunchScreen.storyboard in Resources */,
				6CA8877A22393645005E9D36 /* Assets.xcassets in Resources */,
				6CA8877522393643005E9D36 /* Main.storyboard in Resources */,
			);
			runOnlyForDeploymentPostprocessing = 0;
		};
		6CA887972239715C005E9D36 /* Resources */ = {
			isa = PBXResourcesBuildPhase;
			buildActionMask = 2147483647;
			files = (
				6CA887A62239715D005E9D36 /* LaunchScreen.storyboard in Resources */,
				6CA887A32239715D005E9D36 /* Assets.xcassets in Resources */,
				6CA887A12239715C005E9D36 /* Main.storyboard in Resources */,
			);
			runOnlyForDeploymentPostprocessing = 0;
		};
/* End PBXResourcesBuildPhase section */

/* Begin PBXSourcesBuildPhase section */
		6CA8876822393642005E9D36 /* Sources */ = {
			isa = PBXSourcesBuildPhase;
			buildActionMask = 2147483647;
			files = (
				6CA8878622393C5B005E9D36 /* Book.swift in Sources */,
				6CA8877222393642005E9D36 /* Books-ViewController.swift in Sources */,
				6CA8877822393643005E9D36 /* IZA_2019_cvika_2.xcdatamodeld in Sources */,
				6CA8878A22393F01005E9D36 /* BookTableViewCell.swift in Sources */,
				6CA8879422395367005E9D36 /* Book-DetailViewController.swift in Sources */,
				6CA8878C223942AE005E9D36 /* BooksDB.swift in Sources */,
				6CA8878E22394A7F005E9D36 /* BooksDataSource.swift in Sources */,
				6CA8877022393642005E9D36 /* AppDelegate.swift in Sources */,
			);
			runOnlyForDeploymentPostprocessing = 0;
		};
		6CA887952239715C005E9D36 /* Sources */ = {
			isa = PBXSourcesBuildPhase;
			buildActionMask = 2147483647;
			files = (
				6CA8879E2239715C005E9D36 /* ViewController.swift in Sources */,
				6CA8879C2239715C005E9D36 /* AppDelegate.swift in Sources */,
			);
			runOnlyForDeploymentPostprocessing = 0;
		};
/* End PBXSourcesBuildPhase section */

/* Begin PBXVariantGroup section */
		6CA8877322393643005E9D36 /* Main.storyboard */ = {
			isa = PBXVariantGroup;
			children = (
				6CA8877422393643005E9D36 /* Base */,
			);
			name = Main.storyboard;
			sourceTree = "<group>";
		};
		6CA8877B22393645005E9D36 /* LaunchScreen.storyboard */ = {
			isa = PBXVariantGroup;
			children = (
				6CA8877C22393645005E9D36 /* Base */,
			);
			name = LaunchScreen.storyboard;
			sourceTree = "<group>";
		};
		6CA8879F2239715C005E9D36 /* Main.storyboard */ = {
			isa = PBXVariantGroup;
			children = (
				6CA887A02239715C005E9D36 /* Base */,
			);
			name = Main.storyboard;
			sourceTree = "<group>";
		};
		6CA887A42239715D005E9D36 /* LaunchScreen.storyboard */ = {
			isa = PBXVariantGroup;
			children = (
				6CA887A52239715D005E9D36 /* Base */,
			);
			name = LaunchScreen.storyboard;
			sourceTree = "<group>";
		};
/* End PBXVariantGroup section */

/* Begin XCBuildConfiguration section */
		6CA8877F22393645005E9D36 /* Debug */ = {
			isa = XCBuildConfiguration;
			buildSettings = {
				ALWAYS_SEARCH_USER_PATHS = NO;
				CLANG_ANALYZER_NONNULL = YES;
				CLANG_ANALYZER_NUMBER_OBJECT_CONVERSION = YES_AGGRESSIVE;
				CLANG_CXX_LANGUAGE_STANDARD = "gnu++14";
				CLANG_CXX_LIBRARY = "libc++";
				CLANG_ENABLE_MODULES = YES;
				CLANG_ENABLE_OBJC_ARC = YES;
				CLANG_ENABLE_OBJC_WEAK = YES;
				CLANG_WARN_BLOCK_CAPTURE_AUTORELEASING = YES;
				CLANG_WARN_BOOL_CONVERSION = YES;
				CLANG_WARN_COMMA = YES;
				CLANG_WARN_CONSTANT_CONVERSION = YES;
				CLANG_WARN_DEPRECATED_OBJC_IMPLEMENTATIONS = YES;
				CLANG_WARN_DIRECT_OBJC_ISA_USAGE = YES_ERROR;
				CLANG_WARN_DOCUMENTATION_COMMENTS = YES;
				CLANG_WARN_EMPTY_BODY = YES;
				CLANG_WARN_ENUM_CONVERSION = YES;
				CLANG_WARN_INFINITE_RECURSION = YES;
				CLANG_WARN_INT_CONVERSION = YES;
				CLANG_WARN_NON_LITERAL_NULL_CONVERSION = YES;
				CLANG_WARN_OBJC_IMPLICIT_RETAIN_SELF = YES;
				CLANG_WARN_OBJC_LITERAL_CONVERSION = YES;
				CLANG_WARN_OBJC_ROOT_CLASS = YES_ERROR;
				CLANG_WARN_RANGE_LOOP_ANALYSIS = YES;
				CLANG_WARN_STRICT_PROTOTYPES = YES;
				CLANG_WARN_SUSPICIOUS_MOVE = YES;
				CLANG_WARN_UNGUARDED_AVAILABILITY = YES_AGGRESSIVE;
				CLANG_WARN_UNREACHABLE_CODE = YES;
				CLANG_WARN__DUPLICATE_METHOD_MATCH = YES;
				CODE_SIGN_IDENTITY = "iPhone Developer";
				COPY_PHASE_STRIP = NO;
				DEBUG_INFORMATION_FORMAT = dwarf;
				ENABLE_STRICT_OBJC_MSGSEND = YES;
				ENABLE_TESTABILITY = YES;
				GCC_C_LANGUAGE_STANDARD = gnu11;
				GCC_DYNAMIC_NO_PIC = NO;
				GCC_NO_COMMON_BLOCKS = YES;
				GCC_OPTIMIZATION_LEVEL = 0;
				GCC_PREPROCESSOR_DEFINITIONS = (
					"DEBUG=1",
					"$(inherited)",
				);
				GCC_WARN_64_TO_32_BIT_CONVERSION = YES;
				GCC_WARN_ABOUT_RETURN_TYPE = YES_ERROR;
				GCC_WARN_UNDECLARED_SELECTOR = YES;
				GCC_WARN_UNINITIALIZED_AUTOS = YES_AGGRESSIVE;
				GCC_WARN_UNUSED_FUNCTION = YES;
				GCC_WARN_UNUSED_VARIABLE = YES;
				IPHONEOS_DEPLOYMENT_TARGET = 12.1;
				MTL_ENABLE_DEBUG_INFO = INCLUDE_SOURCE;
				MTL_FAST_MATH = YES;
				ONLY_ACTIVE_ARCH = YES;
				SDKROOT = iphoneos;
				SWIFT_ACTIVE_COMPILATION_CONDITIONS = DEBUG;
				SWIFT_OPTIMIZATION_LEVEL = "-Onone";
			};
			name = Debug;
		};
		6CA8878022393645005E9D36 /* Release */ = {
			isa = XCBuildConfiguration;
			buildSettings = {
				ALWAYS_SEARCH_USER_PATHS = NO;
				CLANG_ANALYZER_NONNULL = YES;
				CLANG_ANALYZER_NUMBER_OBJECT_CONVERSION = YES_AGGRESSIVE;
				CLANG_CXX_LANGUAGE_STANDARD = "gnu++14";
				CLANG_CXX_LIBRARY = "libc++";
				CLANG_ENABLE_MODULES = YES;
				CLANG_ENABLE_OBJC_ARC = YES;
				CLANG_ENABLE_OBJC_WEAK = YES;
				CLANG_WARN_BLOCK_CAPTURE_AUTORELEASING = YES;
				CLANG_WARN_BOOL_CONVERSION = YES;
				CLANG_WARN_COMMA = YES;
				CLANG_WARN_CONSTANT_CONVERSION = YES;
				CLANG_WARN_DEPRECATED_OBJC_IMPLEMENTATIONS = YES;
				CLANG_WARN_DIRECT_OBJC_ISA_USAGE = YES_ERROR;
				CLANG_WARN_DOCUMENTATION_COMMENTS = YES;
				CLANG_WARN_EMPTY_BODY = YES;
				CLANG_WARN_ENUM_CONVERSION = YES;
				CLANG_WARN_INFINITE_RECURSION = YES;
				CLANG_WARN_INT_CONVERSION = YES;
				CLANG_WARN_NON_LITERAL_NULL_CONVERSION = YES;
				CLANG_WARN_OBJC_IMPLICIT_RETAIN_SELF = YES;
				CLANG_WARN_OBJC_LITERAL_CONVERSION = YES;
				CLANG_WARN_OBJC_ROOT_CLASS = YES_ERROR;
				CLANG_WARN_RANGE_LOOP_ANALYSIS = YES;
				CLANG_WARN_STRICT_PROTOTYPES = YES;
				CLANG_WARN_SUSPICIOUS_MOVE = YES;
				CLANG_WARN_UNGUARDED_AVAILABILITY = YES_AGGRESSIVE;
				CLANG_WARN_UNREACHABLE_CODE = YES;
				CLANG_WARN__DUPLICATE_METHOD_MATCH = YES;
				CODE_SIGN_IDENTITY = "iPhone Developer";
				COPY_PHASE_STRIP = NO;
				DEBUG_INFORMATION_FORMAT = "dwarf-with-dsym";
				ENABLE_NS_ASSERTIONS = NO;
				ENABLE_STRICT_OBJC_MSGSEND = YES;
				GCC_C_LANGUAGE_STANDARD = gnu11;
				GCC_NO_COMMON_BLOCKS = YES;
				GCC_WARN_64_TO_32_BIT_CONVERSION = YES;
				GCC_WARN_ABOUT_RETURN_TYPE = YES_ERROR;
				GCC_WARN_UNDECLARED_SELECTOR = YES;
				GCC_WARN_UNINITIALIZED_AUTOS = YES_AGGRESSIVE;
				GCC_WARN_UNUSED_FUNCTION = YES;
				GCC_WARN_UNUSED_VARIABLE = YES;
				IPHONEOS_DEPLOYMENT_TARGET = 12.1;
				MTL_ENABLE_DEBUG_INFO = NO;
				MTL_FAST_MATH = YES;
				SDKROOT = iphoneos;
				SWIFT_COMPILATION_MODE = wholemodule;
				SWIFT_OPTIMIZATION_LEVEL = "-O";
				VALIDATE_PRODUCT = YES;
			};
			name = Release;
		};
		6CA8878222393645005E9D36 /* Debug */ = {
			isa = XCBuildConfiguration;
			buildSettings = {
				ASSETCATALOG_COMPILER_APPICON_NAME = AppIcon;
				CODE_SIGN_STYLE = Automatic;
				DEVELOPMENT_TEAM = AXZG34XTK9;
				INFOPLIST_FILE = "IZA-2019-cvika-2/Info.plist";
				LD_RUNPATH_SEARCH_PATHS = (
					"$(inherited)",
					"@executable_path/Frameworks",
				);
				PRODUCT_BUNDLE_IDENTIFIER = "cz.vutbr.fit.IZA-2019-cvika-2";
				PRODUCT_NAME = "$(TARGET_NAME)";
				SWIFT_VERSION = 4.2;
				TARGETED_DEVICE_FAMILY = "1,2";
			};
			name = Debug;
		};
		6CA8878322393645005E9D36 /* Release */ = {
			isa = XCBuildConfiguration;
			buildSettings = {
				ASSETCATALOG_COMPILER_APPICON_NAME = AppIcon;
				CODE_SIGN_STYLE = Automatic;
				DEVELOPMENT_TEAM = AXZG34XTK9;
				INFOPLIST_FILE = "IZA-2019-cvika-2/Info.plist";
				LD_RUNPATH_SEARCH_PATHS = (
					"$(inherited)",
					"@executable_path/Frameworks",
				);
				PRODUCT_BUNDLE_IDENTIFIER = "cz.vutbr.fit.IZA-2019-cvika-2";
				PRODUCT_NAME = "$(TARGET_NAME)";
				SWIFT_VERSION = 4.2;
				TARGETED_DEVICE_FAMILY = "1,2";
			};
			name = Release;
		};
		6CA887A92239715D005E9D36 /* Debug */ = {
			isa = XCBuildConfiguration;
			buildSettings = {
				ASSETCATALOG_COMPILER_APPICON_NAME = AppIcon;
				CODE_SIGN_STYLE = Automatic;
				DEVELOPMENT_TEAM = AXZG34XTK9;
				INFOPLIST_FILE = TabDemo/Info.plist;
				LD_RUNPATH_SEARCH_PATHS = (
					"$(inherited)",
					"@executable_path/Frameworks",
				);
				PRODUCT_BUNDLE_IDENTIFIER = cz.vutbr.fit.TabDemo;
				PRODUCT_NAME = "$(TARGET_NAME)";
				SWIFT_VERSION = 4.2;
				TARGETED_DEVICE_FAMILY = "1,2";
			};
			name = Debug;
		};
		6CA887AA2239715D005E9D36 /* Release */ = {
			isa = XCBuildConfiguration;
			buildSettings = {
				ASSETCATALOG_COMPILER_APPICON_NAME = AppIcon;
				CODE_SIGN_STYLE = Automatic;
				DEVELOPMENT_TEAM = AXZG34XTK9;
				INFOPLIST_FILE = TabDemo/Info.plist;
				LD_RUNPATH_SEARCH_PATHS = (
					"$(inherited)",
					"@executable_path/Frameworks",
				);
				PRODUCT_BUNDLE_IDENTIFIER = cz.vutbr.fit.TabDemo;
				PRODUCT_NAME = "$(TARGET_NAME)";
				SWIFT_VERSION = 4.2;
				TARGETED_DEVICE_FAMILY = "1,2";
			};
			name = Release;
		};
/* End XCBuildConfiguration section */

/* Begin XCConfigurationList section */
		6CA8876722393642005E9D36 /* Build configuration list for PBXProject "IZA-2019-cvika-2" */ = {
			isa = XCConfigurationList;
			buildConfigurations = (
				6CA8877F22393645005E9D36 /* Debug */,
				6CA8878022393645005E9D36 /* Release */,
			);
			defaultConfigurationIsVisible = 0;
			defaultConfigurationName = Release;
		};
		6CA8878122393645005E9D36 /* Build configuration list for PBXNativeTarget "IZA-2019-cvika-2" */ = {
			isa = XCConfigurationList;
			buildConfigurations = (
				6CA8878222393645005E9D36 /* Debug */,
				6CA8878322393645005E9D36 /* Release */,
			);
			defaultConfigurationIsVisible = 0;
			defaultConfigurationName = Release;
		};
		6CA887A82239715D005E9D36 /* Build configuration list for PBXNativeTarget "TabDemo" */ = {
			isa = XCConfigurationList;
			buildConfigurations = (
				6CA887A92239715D005E9D36 /* Debug */,
				6CA887AA2239715D005E9D36 /* Release */,
			);
			defaultConfigurationIsVisible = 0;
			defaultConfigurationName = Release;
		};
/* End XCConfigurationList section */

/* Begin XCVersionGroup section */
		6CA8877622393643005E9D36 /* IZA_2019_cvika_2.xcdatamodeld */ = {
			isa = XCVersionGroup;
			children = (
				6CA8877722393643005E9D36 /* IZA_2019_cvika_2.xcdatamodel */,
			);
			currentVersion = 6CA8877722393643005E9D36 /* IZA_2019_cvika_2.xcdatamodel */;
			path = IZA_2019_cvika_2.xcdatamodeld;
			sourceTree = "<group>";
			versionGroupType = wrapper.xcdatamodel;
		};
/* End XCVersionGroup section */
	};
	rootObject = 6CA8876422393642005E9D36 /* Project object */;
}
